// !$*UTF8*$!
{
	archiveVersion = 1;
	classes = {
	};
	objectVersion = 51;
	objects = {

/* Begin PBXBuildFile section */
		345B17C9C19CAA728BD2D31C /* Pods_RibsTutorial.framework in Frameworks */ = {isa = PBXBuildFile; fileRef = B716D8E314A225827A03BC2B /* Pods_RibsTutorial.framework */; };
		391CF88AAC1572142306E52A /* Pods_RibsTutorial_RibsTutorialUITests.framework in Frameworks */ = {isa = PBXBuildFile; fileRef = 01F99D5DA748238A3BEBD76B /* Pods_RibsTutorial_RibsTutorialUITests.framework */; };
		614636DE23A875CA00844A16 /* LoggedOutViewController.xib in Resources */ = {isa = PBXBuildFile; fileRef = 614636DD23A875CA00844A16 /* LoggedOutViewController.xib */; };
		614636E323A875F100844A16 /* LoggedOutRouter.swift in Sources */ = {isa = PBXBuildFile; fileRef = 614636DF23A875F000844A16 /* LoggedOutRouter.swift */; };
		614636E423A875F100844A16 /* LoggedOutViewController.swift in Sources */ = {isa = PBXBuildFile; fileRef = 614636E023A875F000844A16 /* LoggedOutViewController.swift */; };
		614636E523A875F100844A16 /* LoggedOutBuilder.swift in Sources */ = {isa = PBXBuildFile; fileRef = 614636E123A875F000844A16 /* LoggedOutBuilder.swift */; };
		614636E623A875F100844A16 /* LoggedOutInteractor.swift in Sources */ = {isa = PBXBuildFile; fileRef = 614636E223A875F000844A16 /* LoggedOutInteractor.swift */; };
		614636E823A8819A00844A16 /* RootComponent+LoggedOut.swift in Sources */ = {isa = PBXBuildFile; fileRef = 614636E723A8819A00844A16 /* RootComponent+LoggedOut.swift */; };
		614690A723A79A0400A541B7 /* AppComponent.swift in Sources */ = {isa = PBXBuildFile; fileRef = 614690A623A79A0400A541B7 /* AppComponent.swift */; };
		614A939923A78F4E00C62271 /* AppDelegate.swift in Sources */ = {isa = PBXBuildFile; fileRef = 614A939823A78F4E00C62271 /* AppDelegate.swift */; };
		614A939B23A78F4E00C62271 /* SceneDelegate.swift in Sources */ = {isa = PBXBuildFile; fileRef = 614A939A23A78F4E00C62271 /* SceneDelegate.swift */; };
		614A939D23A78F4E00C62271 /* ViewController.swift in Sources */ = {isa = PBXBuildFile; fileRef = 614A939C23A78F4E00C62271 /* ViewController.swift */; };
		614A93A023A78F4E00C62271 /* Main.storyboard in Resources */ = {isa = PBXBuildFile; fileRef = 614A939E23A78F4E00C62271 /* Main.storyboard */; };
		614A93A223A78F5000C62271 /* Assets.xcassets in Resources */ = {isa = PBXBuildFile; fileRef = 614A93A123A78F5000C62271 /* Assets.xcassets */; };
		614A93A523A78F5000C62271 /* LaunchScreen.storyboard in Resources */ = {isa = PBXBuildFile; fileRef = 614A93A323A78F5000C62271 /* LaunchScreen.storyboard */; };
		614A93B023A78F5100C62271 /* RibsTutorialTests.swift in Sources */ = {isa = PBXBuildFile; fileRef = 614A93AF23A78F5100C62271 /* RibsTutorialTests.swift */; };
		614A93BB23A78F5100C62271 /* RibsTutorialUITests.swift in Sources */ = {isa = PBXBuildFile; fileRef = 614A93BA23A78F5100C62271 /* RibsTutorialUITests.swift */; };
		614A93CD23A7977200C62271 /* RootRouter.swift in Sources */ = {isa = PBXBuildFile; fileRef = 614A93C923A7977200C62271 /* RootRouter.swift */; };
		614A93CE23A7977200C62271 /* RootViewController.swift in Sources */ = {isa = PBXBuildFile; fileRef = 614A93CA23A7977200C62271 /* RootViewController.swift */; };
		614A93CF23A7977200C62271 /* RootBuilder.swift in Sources */ = {isa = PBXBuildFile; fileRef = 614A93CB23A7977200C62271 /* RootBuilder.swift */; };
		614A93D023A7977200C62271 /* RootInteractor.swift in Sources */ = {isa = PBXBuildFile; fileRef = 614A93CC23A7977200C62271 /* RootInteractor.swift */; };
		614A93D223A7983100C62271 /* DELETE_ME.swift in Sources */ = {isa = PBXBuildFile; fileRef = 614A93D123A7983100C62271 /* DELETE_ME.swift */; };
		FD1C441A189D2ACF44524C62 /* Pods_RibsTutorialTests.framework in Frameworks */ = {isa = PBXBuildFile; fileRef = 3906A24895607A02355FCDD7 /* Pods_RibsTutorialTests.framework */; };
/* End PBXBuildFile section */

/* Begin PBXContainerItemProxy section */
		614A93AC23A78F5100C62271 /* PBXContainerItemProxy */ = {
			isa = PBXContainerItemProxy;
			containerPortal = 614A938D23A78F4E00C62271 /* Project object */;
			proxyType = 1;
			remoteGlobalIDString = 614A939423A78F4E00C62271;
			remoteInfo = RibsTutorial;
		};
		614A93B723A78F5100C62271 /* PBXContainerItemProxy */ = {
			isa = PBXContainerItemProxy;
			containerPortal = 614A938D23A78F4E00C62271 /* Project object */;
			proxyType = 1;
			remoteGlobalIDString = 614A939423A78F4E00C62271;
			remoteInfo = RibsTutorial;
		};
/* End PBXContainerItemProxy section */

/* Begin PBXFileReference section */
		01F99D5DA748238A3BEBD76B /* Pods_RibsTutorial_RibsTutorialUITests.framework */ = {isa = PBXFileReference; explicitFileType = wrapper.framework; includeInIndex = 0; path = Pods_RibsTutorial_RibsTutorialUITests.framework; sourceTree = BUILT_PRODUCTS_DIR; };
		0DF9BAAB040724CEFCC2C229 /* Pods-RibsTutorial.release.xcconfig */ = {isa = PBXFileReference; includeInIndex = 1; lastKnownFileType = text.xcconfig; name = "Pods-RibsTutorial.release.xcconfig"; path = "Target Support Files/Pods-RibsTutorial/Pods-RibsTutorial.release.xcconfig"; sourceTree = "<group>"; };
		10DFD58C11021BB50A916985 /* Pods-RibsTutorialTests.debug.xcconfig */ = {isa = PBXFileReference; includeInIndex = 1; lastKnownFileType = text.xcconfig; name = "Pods-RibsTutorialTests.debug.xcconfig"; path = "Target Support Files/Pods-RibsTutorialTests/Pods-RibsTutorialTests.debug.xcconfig"; sourceTree = "<group>"; };
		3906A24895607A02355FCDD7 /* Pods_RibsTutorialTests.framework */ = {isa = PBXFileReference; explicitFileType = wrapper.framework; includeInIndex = 0; path = Pods_RibsTutorialTests.framework; sourceTree = BUILT_PRODUCTS_DIR; };
		4CC234B10EE19346818BDB38 /* Pods-RibsTutorialTests.release.xcconfig */ = {isa = PBXFileReference; includeInIndex = 1; lastKnownFileType = text.xcconfig; name = "Pods-RibsTutorialTests.release.xcconfig"; path = "Target Support Files/Pods-RibsTutorialTests/Pods-RibsTutorialTests.release.xcconfig"; sourceTree = "<group>"; };
		5AB03AAD89A8F97B5E8909FC /* Pods-RibsTutorial.debug.xcconfig */ = {isa = PBXFileReference; includeInIndex = 1; lastKnownFileType = text.xcconfig; name = "Pods-RibsTutorial.debug.xcconfig"; path = "Target Support Files/Pods-RibsTutorial/Pods-RibsTutorial.debug.xcconfig"; sourceTree = "<group>"; };
		614636DD23A875CA00844A16 /* LoggedOutViewController.xib */ = {isa = PBXFileReference; lastKnownFileType = file.xib; path = LoggedOutViewController.xib; sourceTree = "<group>"; };
		614636DF23A875F000844A16 /* LoggedOutRouter.swift */ = {isa = PBXFileReference; lastKnownFileType = sourcecode.swift; path = LoggedOutRouter.swift; sourceTree = "<group>"; };
		614636E023A875F000844A16 /* LoggedOutViewController.swift */ = {isa = PBXFileReference; lastKnownFileType = sourcecode.swift; path = LoggedOutViewController.swift; sourceTree = "<group>"; };
		614636E123A875F000844A16 /* LoggedOutBuilder.swift */ = {isa = PBXFileReference; lastKnownFileType = sourcecode.swift; path = LoggedOutBuilder.swift; sourceTree = "<group>"; };
		614636E223A875F000844A16 /* LoggedOutInteractor.swift */ = {isa = PBXFileReference; lastKnownFileType = sourcecode.swift; path = LoggedOutInteractor.swift; sourceTree = "<group>"; };
		614636E723A8819A00844A16 /* RootComponent+LoggedOut.swift */ = {isa = PBXFileReference; lastKnownFileType = sourcecode.swift; path = "RootComponent+LoggedOut.swift"; sourceTree = "<group>"; };
		614690A623A79A0400A541B7 /* AppComponent.swift */ = {isa = PBXFileReference; lastKnownFileType = sourcecode.swift; path = AppComponent.swift; sourceTree = "<group>"; };
		614A939523A78F4E00C62271 /* RibsTutorial.app */ = {isa = PBXFileReference; explicitFileType = wrapper.application; includeInIndex = 0; path = RibsTutorial.app; sourceTree = BUILT_PRODUCTS_DIR; };
		614A939823A78F4E00C62271 /* AppDelegate.swift */ = {isa = PBXFileReference; lastKnownFileType = sourcecode.swift; path = AppDelegate.swift; sourceTree = "<group>"; };
		614A939A23A78F4E00C62271 /* SceneDelegate.swift */ = {isa = PBXFileReference; lastKnownFileType = sourcecode.swift; path = SceneDelegate.swift; sourceTree = "<group>"; };
		614A939C23A78F4E00C62271 /* ViewController.swift */ = {isa = PBXFileReference; lastKnownFileType = sourcecode.swift; path = ViewController.swift; sourceTree = "<group>"; };
		614A939F23A78F4E00C62271 /* Base */ = {isa = PBXFileReference; lastKnownFileType = file.storyboard; name = Base; path = Base.lproj/Main.storyboard; sourceTree = "<group>"; };
		614A93A123A78F5000C62271 /* Assets.xcassets */ = {isa = PBXFileReference; lastKnownFileType = folder.assetcatalog; path = Assets.xcassets; sourceTree = "<group>"; };
		614A93A423A78F5000C62271 /* Base */ = {isa = PBXFileReference; lastKnownFileType = file.storyboard; name = Base; path = Base.lproj/LaunchScreen.storyboard; sourceTree = "<group>"; };
		614A93A623A78F5100C62271 /* Info.plist */ = {isa = PBXFileReference; lastKnownFileType = text.plist.xml; path = Info.plist; sourceTree = "<group>"; };
		614A93AB23A78F5100C62271 /* RibsTutorialTests.xctest */ = {isa = PBXFileReference; explicitFileType = wrapper.cfbundle; includeInIndex = 0; path = RibsTutorialTests.xctest; sourceTree = BUILT_PRODUCTS_DIR; };
		614A93AF23A78F5100C62271 /* RibsTutorialTests.swift */ = {isa = PBXFileReference; lastKnownFileType = sourcecode.swift; path = RibsTutorialTests.swift; sourceTree = "<group>"; };
		614A93B123A78F5100C62271 /* Info.plist */ = {isa = PBXFileReference; lastKnownFileType = text.plist.xml; path = Info.plist; sourceTree = "<group>"; };
		614A93B623A78F5100C62271 /* RibsTutorialUITests.xctest */ = {isa = PBXFileReference; explicitFileType = wrapper.cfbundle; includeInIndex = 0; path = RibsTutorialUITests.xctest; sourceTree = BUILT_PRODUCTS_DIR; };
		614A93BA23A78F5100C62271 /* RibsTutorialUITests.swift */ = {isa = PBXFileReference; lastKnownFileType = sourcecode.swift; path = RibsTutorialUITests.swift; sourceTree = "<group>"; };
		614A93BC23A78F5100C62271 /* Info.plist */ = {isa = PBXFileReference; lastKnownFileType = text.plist.xml; path = Info.plist; sourceTree = "<group>"; };
		614A93C923A7977200C62271 /* RootRouter.swift */ = {isa = PBXFileReference; lastKnownFileType = sourcecode.swift; path = RootRouter.swift; sourceTree = "<group>"; };
		614A93CA23A7977200C62271 /* RootViewController.swift */ = {isa = PBXFileReference; lastKnownFileType = sourcecode.swift; path = RootViewController.swift; sourceTree = "<group>"; };
		614A93CB23A7977200C62271 /* RootBuilder.swift */ = {isa = PBXFileReference; lastKnownFileType = sourcecode.swift; path = RootBuilder.swift; sourceTree = "<group>"; };
		614A93CC23A7977200C62271 /* RootInteractor.swift */ = {isa = PBXFileReference; lastKnownFileType = sourcecode.swift; path = RootInteractor.swift; sourceTree = "<group>"; };
		614A93D123A7983100C62271 /* DELETE_ME.swift */ = {isa = PBXFileReference; lastKnownFileType = sourcecode.swift; path = DELETE_ME.swift; sourceTree = "<group>"; };
		9D379357DE76B787A036AF8F /* Pods-RibsTutorial-RibsTutorialUITests.debug.xcconfig */ = {isa = PBXFileReference; includeInIndex = 1; lastKnownFileType = text.xcconfig; name = "Pods-RibsTutorial-RibsTutorialUITests.debug.xcconfig"; path = "Target Support Files/Pods-RibsTutorial-RibsTutorialUITests/Pods-RibsTutorial-RibsTutorialUITests.debug.xcconfig"; sourceTree = "<group>"; };
		B716D8E314A225827A03BC2B /* Pods_RibsTutorial.framework */ = {isa = PBXFileReference; explicitFileType = wrapper.framework; includeInIndex = 0; path = Pods_RibsTutorial.framework; sourceTree = BUILT_PRODUCTS_DIR; };
		CE067743F271E912C22BC345 /* Pods-RibsTutorial-RibsTutorialUITests.release.xcconfig */ = {isa = PBXFileReference; includeInIndex = 1; lastKnownFileType = text.xcconfig; name = "Pods-RibsTutorial-RibsTutorialUITests.release.xcconfig"; path = "Target Support Files/Pods-RibsTutorial-RibsTutorialUITests/Pods-RibsTutorial-RibsTutorialUITests.release.xcconfig"; sourceTree = "<group>"; };
/* End PBXFileReference section */

/* Begin PBXFrameworksBuildPhase section */
		614A939223A78F4E00C62271 /* Frameworks */ = {
			isa = PBXFrameworksBuildPhase;
			buildActionMask = 2147483647;
			files = (
				345B17C9C19CAA728BD2D31C /* Pods_RibsTutorial.framework in Frameworks */,
			);
			runOnlyForDeploymentPostprocessing = 0;
		};
		614A93A823A78F5100C62271 /* Frameworks */ = {
			isa = PBXFrameworksBuildPhase;
			buildActionMask = 2147483647;
			files = (
				FD1C441A189D2ACF44524C62 /* Pods_RibsTutorialTests.framework in Frameworks */,
			);
			runOnlyForDeploymentPostprocessing = 0;
		};
		614A93B323A78F5100C62271 /* Frameworks */ = {
			isa = PBXFrameworksBuildPhase;
			buildActionMask = 2147483647;
			files = (
				391CF88AAC1572142306E52A /* Pods_RibsTutorial_RibsTutorialUITests.framework in Frameworks */,
			);
			runOnlyForDeploymentPostprocessing = 0;
		};
/* End PBXFrameworksBuildPhase section */

/* Begin PBXGroup section */
		0D9EDE16A7247A7215718C8E /* Pods */ = {
			isa = PBXGroup;
			children = (
				5AB03AAD89A8F97B5E8909FC /* Pods-RibsTutorial.debug.xcconfig */,
				0DF9BAAB040724CEFCC2C229 /* Pods-RibsTutorial.release.xcconfig */,
				9D379357DE76B787A036AF8F /* Pods-RibsTutorial-RibsTutorialUITests.debug.xcconfig */,
				CE067743F271E912C22BC345 /* Pods-RibsTutorial-RibsTutorialUITests.release.xcconfig */,
				10DFD58C11021BB50A916985 /* Pods-RibsTutorialTests.debug.xcconfig */,
				4CC234B10EE19346818BDB38 /* Pods-RibsTutorialTests.release.xcconfig */,
			);
			path = Pods;
			sourceTree = "<group>";
		};
		614636DC23A8759000844A16 /* LoggedOut */ = {
			isa = PBXGroup;
			children = (
				614636DD23A875CA00844A16 /* LoggedOutViewController.xib */,
				614636DF23A875F000844A16 /* LoggedOutRouter.swift */,
				614636E023A875F000844A16 /* LoggedOutViewController.swift */,
				614636E123A875F000844A16 /* LoggedOutBuilder.swift */,
				614636E223A875F000844A16 /* LoggedOutInteractor.swift */,
			);
			path = LoggedOut;
			sourceTree = "<group>";
		};
		614690A523A799F500A541B7 /* AppStart */ = {
			isa = PBXGroup;
			children = (
				614690A623A79A0400A541B7 /* AppComponent.swift */,
			);
			path = AppStart;
			sourceTree = "<group>";
		};
		614A938C23A78F4E00C62271 = {
			isa = PBXGroup;
			children = (
				614A939723A78F4E00C62271 /* RibsTutorial */,
				614A93AE23A78F5100C62271 /* RibsTutorialTests */,
				614A93B923A78F5100C62271 /* RibsTutorialUITests */,
				614A939623A78F4E00C62271 /* Products */,
				0D9EDE16A7247A7215718C8E /* Pods */,
				6CA0B13C92D1861107FBAF3C /* Frameworks */,
			);
			sourceTree = "<group>";
		};
		614A939623A78F4E00C62271 /* Products */ = {
			isa = PBXGroup;
			children = (
				614A939523A78F4E00C62271 /* RibsTutorial.app */,
				614A93AB23A78F5100C62271 /* RibsTutorialTests.xctest */,
				614A93B623A78F5100C62271 /* RibsTutorialUITests.xctest */,
			);
			name = Products;
			sourceTree = "<group>";
		};
		614A939723A78F4E00C62271 /* RibsTutorial */ = {
			isa = PBXGroup;
			children = (
				614636DC23A8759000844A16 /* LoggedOut */,
				614690A523A799F500A541B7 /* AppStart */,
				614A93C823A7976000C62271 /* Root */,
				614A939823A78F4E00C62271 /* AppDelegate.swift */,
				614A939A23A78F4E00C62271 /* SceneDelegate.swift */,
				614A939C23A78F4E00C62271 /* ViewController.swift */,
				614A939E23A78F4E00C62271 /* Main.storyboard */,
				614A93A123A78F5000C62271 /* Assets.xcassets */,
				614A93A323A78F5000C62271 /* LaunchScreen.storyboard */,
				614A93A623A78F5100C62271 /* Info.plist */,
			);
			path = RibsTutorial;
			sourceTree = "<group>";
		};
		614A93AE23A78F5100C62271 /* RibsTutorialTests */ = {
			isa = PBXGroup;
			children = (
				614A93AF23A78F5100C62271 /* RibsTutorialTests.swift */,
				614A93B123A78F5100C62271 /* Info.plist */,
			);
			path = RibsTutorialTests;
			sourceTree = "<group>";
		};
		614A93B923A78F5100C62271 /* RibsTutorialUITests */ = {
			isa = PBXGroup;
			children = (
				614A93BA23A78F5100C62271 /* RibsTutorialUITests.swift */,
				614A93BC23A78F5100C62271 /* Info.plist */,
			);
			path = RibsTutorialUITests;
			sourceTree = "<group>";
		};
		614A93C823A7976000C62271 /* Root */ = {
			isa = PBXGroup;
			children = (
				614A93C923A7977200C62271 /* RootRouter.swift */,
				614A93CA23A7977200C62271 /* RootViewController.swift */,
				614A93CB23A7977200C62271 /* RootBuilder.swift */,
				614A93CC23A7977200C62271 /* RootInteractor.swift */,
				614A93D123A7983100C62271 /* DELETE_ME.swift */,
				614636E723A8819A00844A16 /* RootComponent+LoggedOut.swift */,
			);
			path = Root;
			sourceTree = "<group>";
		};
		6CA0B13C92D1861107FBAF3C /* Frameworks */ = {
			isa = PBXGroup;
			children = (
				B716D8E314A225827A03BC2B /* Pods_RibsTutorial.framework */,
				01F99D5DA748238A3BEBD76B /* Pods_RibsTutorial_RibsTutorialUITests.framework */,
				3906A24895607A02355FCDD7 /* Pods_RibsTutorialTests.framework */,
			);
			name = Frameworks;
			sourceTree = "<group>";
		};
/* End PBXGroup section */

/* Begin PBXNativeTarget section */
		614A939423A78F4E00C62271 /* RibsTutorial */ = {
			isa = PBXNativeTarget;
			buildConfigurationList = 614A93BF23A78F5100C62271 /* Build configuration list for PBXNativeTarget "RibsTutorial" */;
			buildPhases = (
				1248356828B1366C159F757A /* [CP] Check Pods Manifest.lock */,
				614A939123A78F4E00C62271 /* Sources */,
				614A939223A78F4E00C62271 /* Frameworks */,
				614A939323A78F4E00C62271 /* Resources */,
				D7387BD4F1ECF01F00243DCF /* [CP] Embed Pods Frameworks */,
			);
			buildRules = (
			);
			dependencies = (
			);
			name = RibsTutorial;
			productName = RibsTutorial;
			productReference = 614A939523A78F4E00C62271 /* RibsTutorial.app */;
			productType = "com.apple.product-type.application";
		};
		614A93AA23A78F5100C62271 /* RibsTutorialTests */ = {
			isa = PBXNativeTarget;
			buildConfigurationList = 614A93C223A78F5100C62271 /* Build configuration list for PBXNativeTarget "RibsTutorialTests" */;
			buildPhases = (
				5D87DA874496B524A2DC3D2C /* [CP] Check Pods Manifest.lock */,
				614A93A723A78F5100C62271 /* Sources */,
				614A93A823A78F5100C62271 /* Frameworks */,
				614A93A923A78F5100C62271 /* Resources */,
			);
			buildRules = (
			);
			dependencies = (
				614A93AD23A78F5100C62271 /* PBXTargetDependency */,
			);
			name = RibsTutorialTests;
			productName = RibsTutorialTests;
			productReference = 614A93AB23A78F5100C62271 /* RibsTutorialTests.xctest */;
			productType = "com.apple.product-type.bundle.unit-test";
		};
		614A93B523A78F5100C62271 /* RibsTutorialUITests */ = {
			isa = PBXNativeTarget;
			buildConfigurationList = 614A93C523A78F5100C62271 /* Build configuration list for PBXNativeTarget "RibsTutorialUITests" */;
			buildPhases = (
				A8ACE22826C78F6551B3614C /* [CP] Check Pods Manifest.lock */,
				614A93B223A78F5100C62271 /* Sources */,
				614A93B323A78F5100C62271 /* Frameworks */,
				614A93B423A78F5100C62271 /* Resources */,
				E817E9F42306A0C5E89AE65B /* [CP] Embed Pods Frameworks */,
			);
			buildRules = (
			);
			dependencies = (
				614A93B823A78F5100C62271 /* PBXTargetDependency */,
			);
			name = RibsTutorialUITests;
			productName = RibsTutorialUITests;
			productReference = 614A93B623A78F5100C62271 /* RibsTutorialUITests.xctest */;
			productType = "com.apple.product-type.bundle.ui-testing";
		};
/* End PBXNativeTarget section */

/* Begin PBXProject section */
		614A938D23A78F4E00C62271 /* Project object */ = {
			isa = PBXProject;
			attributes = {
				LastSwiftUpdateCheck = 1110;
				LastUpgradeCheck = 1110;
				ORGANIZATIONNAME = DUCHV3;
				TargetAttributes = {
					614A939423A78F4E00C62271 = {
						CreatedOnToolsVersion = 11.1;
					};
					614A93AA23A78F5100C62271 = {
						CreatedOnToolsVersion = 11.1;
						TestTargetID = 614A939423A78F4E00C62271;
					};
					614A93B523A78F5100C62271 = {
						CreatedOnToolsVersion = 11.1;
						TestTargetID = 614A939423A78F4E00C62271;
					};
				};
			};
			buildConfigurationList = 614A939023A78F4E00C62271 /* Build configuration list for PBXProject "RibsTutorial" */;
			compatibilityVersion = "Xcode 9.3";
			developmentRegion = en;
			hasScannedForEncodings = 0;
			knownRegions = (
				en,
				Base,
			);
			mainGroup = 614A938C23A78F4E00C62271;
			productRefGroup = 614A939623A78F4E00C62271 /* Products */;
			projectDirPath = "";
			projectRoot = "";
			targets = (
				614A939423A78F4E00C62271 /* RibsTutorial */,
				614A93AA23A78F5100C62271 /* RibsTutorialTests */,
				614A93B523A78F5100C62271 /* RibsTutorialUITests */,
			);
		};
/* End PBXProject section */

/* Begin PBXResourcesBuildPhase section */
		614A939323A78F4E00C62271 /* Resources */ = {
			isa = PBXResourcesBuildPhase;
			buildActionMask = 2147483647;
			files = (
				614A93A523A78F5000C62271 /* LaunchScreen.storyboard in Resources */,
				614636DE23A875CA00844A16 /* LoggedOutViewController.xib in Resources */,
				614A93A223A78F5000C62271 /* Assets.xcassets in Resources */,
				614A93A023A78F4E00C62271 /* Main.storyboard in Resources */,
			);
			runOnlyForDeploymentPostprocessing = 0;
		};
		614A93A923A78F5100C62271 /* Resources */ = {
			isa = PBXResourcesBuildPhase;
			buildActionMask = 2147483647;
			files = (
			);
			runOnlyForDeploymentPostprocessing = 0;
		};
		614A93B423A78F5100C62271 /* Resources */ = {
			isa = PBXResourcesBuildPhase;
			buildActionMask = 2147483647;
			files = (
			);
			runOnlyForDeploymentPostprocessing = 0;
		};
/* End PBXResourcesBuildPhase section */

/* Begin PBXShellScriptBuildPhase section */
		1248356828B1366C159F757A /* [CP] Check Pods Manifest.lock */ = {
			isa = PBXShellScriptBuildPhase;
			buildActionMask = 2147483647;
			files = (
			);
			inputFileListPaths = (
			);
			inputPaths = (
				"${PODS_PODFILE_DIR_PATH}/Podfile.lock",
				"${PODS_ROOT}/Manifest.lock",
			);
			name = "[CP] Check Pods Manifest.lock";
			outputFileListPaths = (
			);
			outputPaths = (
				"$(DERIVED_FILE_DIR)/Pods-RibsTutorial-checkManifestLockResult.txt",
			);
			runOnlyForDeploymentPostprocessing = 0;
			shellPath = /bin/sh;
			shellScript = "diff \"${PODS_PODFILE_DIR_PATH}/Podfile.lock\" \"${PODS_ROOT}/Manifest.lock\" > /dev/null\nif [ $? != 0 ] ; then\n    # print error to STDERR\n    echo \"error: The sandbox is not in sync with the Podfile.lock. Run 'pod install' or update your CocoaPods installation.\" >&2\n    exit 1\nfi\n# This output is used by Xcode 'outputs' to avoid re-running this script phase.\necho \"SUCCESS\" > \"${SCRIPT_OUTPUT_FILE_0}\"\n";
			showEnvVarsInLog = 0;
		};
		5D87DA874496B524A2DC3D2C /* [CP] Check Pods Manifest.lock */ = {
			isa = PBXShellScriptBuildPhase;
			buildActionMask = 2147483647;
			files = (
			);
			inputFileListPaths = (
			);
			inputPaths = (
				"${PODS_PODFILE_DIR_PATH}/Podfile.lock",
				"${PODS_ROOT}/Manifest.lock",
			);
			name = "[CP] Check Pods Manifest.lock";
			outputFileListPaths = (
			);
			outputPaths = (
				"$(DERIVED_FILE_DIR)/Pods-RibsTutorialTests-checkManifestLockResult.txt",
			);
			runOnlyForDeploymentPostprocessing = 0;
			shellPath = /bin/sh;
			shellScript = "diff \"${PODS_PODFILE_DIR_PATH}/Podfile.lock\" \"${PODS_ROOT}/Manifest.lock\" > /dev/null\nif [ $? != 0 ] ; then\n    # print error to STDERR\n    echo \"error: The sandbox is not in sync with the Podfile.lock. Run 'pod install' or update your CocoaPods installation.\" >&2\n    exit 1\nfi\n# This output is used by Xcode 'outputs' to avoid re-running this script phase.\necho \"SUCCESS\" > \"${SCRIPT_OUTPUT_FILE_0}\"\n";
			showEnvVarsInLog = 0;
		};
		A8ACE22826C78F6551B3614C /* [CP] Check Pods Manifest.lock */ = {
			isa = PBXShellScriptBuildPhase;
			buildActionMask = 2147483647;
			files = (
			);
			inputFileListPaths = (
			);
			inputPaths = (
				"${PODS_PODFILE_DIR_PATH}/Podfile.lock",
				"${PODS_ROOT}/Manifest.lock",
			);
			name = "[CP] Check Pods Manifest.lock";
			outputFileListPaths = (
			);
			outputPaths = (
				"$(DERIVED_FILE_DIR)/Pods-RibsTutorial-RibsTutorialUITests-checkManifestLockResult.txt",
			);
			runOnlyForDeploymentPostprocessing = 0;
			shellPath = /bin/sh;
			shellScript = "diff \"${PODS_PODFILE_DIR_PATH}/Podfile.lock\" \"${PODS_ROOT}/Manifest.lock\" > /dev/null\nif [ $? != 0 ] ; then\n    # print error to STDERR\n    echo \"error: The sandbox is not in sync with the Podfile.lock. Run 'pod install' or update your CocoaPods installation.\" >&2\n    exit 1\nfi\n# This output is used by Xcode 'outputs' to avoid re-running this script phase.\necho \"SUCCESS\" > \"${SCRIPT_OUTPUT_FILE_0}\"\n";
			showEnvVarsInLog = 0;
		};
		D7387BD4F1ECF01F00243DCF /* [CP] Embed Pods Frameworks */ = {
			isa = PBXShellScriptBuildPhase;
			buildActionMask = 2147483647;
			files = (
			);
			inputFileListPaths = (
				"${PODS_ROOT}/Target Support Files/Pods-RibsTutorial/Pods-RibsTutorial-frameworks-${CONFIGURATION}-input-files.xcfilelist",
			);
			name = "[CP] Embed Pods Frameworks";
			outputFileListPaths = (
				"${PODS_ROOT}/Target Support Files/Pods-RibsTutorial/Pods-RibsTutorial-frameworks-${CONFIGURATION}-output-files.xcfilelist",
			);
			runOnlyForDeploymentPostprocessing = 0;
			shellPath = /bin/sh;
			shellScript = "\"${PODS_ROOT}/Target Support Files/Pods-RibsTutorial/Pods-RibsTutorial-frameworks.sh\"\n";
			showEnvVarsInLog = 0;
		};
		E817E9F42306A0C5E89AE65B /* [CP] Embed Pods Frameworks */ = {
			isa = PBXShellScriptBuildPhase;
			buildActionMask = 2147483647;
			files = (
			);
			inputFileListPaths = (
				"${PODS_ROOT}/Target Support Files/Pods-RibsTutorial-RibsTutorialUITests/Pods-RibsTutorial-RibsTutorialUITests-frameworks-${CONFIGURATION}-input-files.xcfilelist",
			);
			name = "[CP] Embed Pods Frameworks";
			outputFileListPaths = (
				"${PODS_ROOT}/Target Support Files/Pods-RibsTutorial-RibsTutorialUITests/Pods-RibsTutorial-RibsTutorialUITests-frameworks-${CONFIGURATION}-output-files.xcfilelist",
			);
			runOnlyForDeploymentPostprocessing = 0;
			shellPath = /bin/sh;
			shellScript = "\"${PODS_ROOT}/Target Support Files/Pods-RibsTutorial-RibsTutorialUITests/Pods-RibsTutorial-RibsTutorialUITests-frameworks.sh\"\n";
			showEnvVarsInLog = 0;
		};
/* End PBXShellScriptBuildPhase section */

/* Begin PBXSourcesBuildPhase section */
		614A939123A78F4E00C62271 /* Sources */ = {
			isa = PBXSourcesBuildPhase;
			buildActionMask = 2147483647;
			files = (
				614636E823A8819A00844A16 /* RootComponent+LoggedOut.swift in Sources */,
				614A93CE23A7977200C62271 /* RootViewController.swift in Sources */,
				614636E623A875F100844A16 /* LoggedOutInteractor.swift in Sources */,
				614636E323A875F100844A16 /* LoggedOutRouter.swift in Sources */,
				614636E523A875F100844A16 /* LoggedOutBuilder.swift in Sources */,
				614A93CD23A7977200C62271 /* RootRouter.swift in Sources */,
				614A93D023A7977200C62271 /* RootInteractor.swift in Sources */,
				614A939D23A78F4E00C62271 /* ViewController.swift in Sources */,
				614A939923A78F4E00C62271 /* AppDelegate.swift in Sources */,
				614690A723A79A0400A541B7 /* AppComponent.swift in Sources */,
				614A939B23A78F4E00C62271 /* SceneDelegate.swift in Sources */,
				614636E423A875F100844A16 /* LoggedOutViewController.swift in Sources */,
				614A93D223A7983100C62271 /* DELETE_ME.swift in Sources */,
				614A93CF23A7977200C62271 /* RootBuilder.swift in Sources */,
			);
			runOnlyForDeploymentPostprocessing = 0;
		};
		614A93A723A78F5100C62271 /* Sources */ = {
			isa = PBXSourcesBuildPhase;
			buildActionMask = 2147483647;
			files = (
				614A93B023A78F5100C62271 /* RibsTutorialTests.swift in Sources */,
			);
			runOnlyForDeploymentPostprocessing = 0;
		};
		614A93B223A78F5100C62271 /* Sources */ = {
			isa = PBXSourcesBuildPhase;
			buildActionMask = 2147483647;
			files = (
				614A93BB23A78F5100C62271 /* RibsTutorialUITests.swift in Sources */,
			);
			runOnlyForDeploymentPostprocessing = 0;
		};
/* End PBXSourcesBuildPhase section */

/* Begin PBXTargetDependency section */
		614A93AD23A78F5100C62271 /* PBXTargetDependency */ = {
			isa = PBXTargetDependency;
			target = 614A939423A78F4E00C62271 /* RibsTutorial */;
			targetProxy = 614A93AC23A78F5100C62271 /* PBXContainerItemProxy */;
		};
		614A93B823A78F5100C62271 /* PBXTargetDependency */ = {
			isa = PBXTargetDependency;
			target = 614A939423A78F4E00C62271 /* RibsTutorial */;
			targetProxy = 614A93B723A78F5100C62271 /* PBXContainerItemProxy */;
		};
/* End PBXTargetDependency section */

/* Begin PBXVariantGroup section */
		614A939E23A78F4E00C62271 /* Main.storyboard */ = {
			isa = PBXVariantGroup;
			children = (
				614A939F23A78F4E00C62271 /* Base */,
			);
			name = Main.storyboard;
			sourceTree = "<group>";
		};
		614A93A323A78F5000C62271 /* LaunchScreen.storyboard */ = {
			isa = PBXVariantGroup;
			children = (
				614A93A423A78F5000C62271 /* Base */,
			);
			name = LaunchScreen.storyboard;
			sourceTree = "<group>";
		};
/* End PBXVariantGroup section */

/* Begin XCBuildConfiguration section */
		614A93BD23A78F5100C62271 /* Debug */ = {
			isa = XCBuildConfiguration;
			buildSettings = {
				ALWAYS_SEARCH_USER_PATHS = NO;
				CLANG_ANALYZER_NONNULL = YES;
				CLANG_ANALYZER_NUMBER_OBJECT_CONVERSION = YES_AGGRESSIVE;
				CLANG_CXX_LANGUAGE_STANDARD = "gnu++14";
				CLANG_CXX_LIBRARY = "libc++";
				CLANG_ENABLE_MODULES = YES;
				CLANG_ENABLE_OBJC_ARC = YES;
				CLANG_ENABLE_OBJC_WEAK = YES;
				CLANG_WARN_BLOCK_CAPTURE_AUTORELEASING = YES;
				CLANG_WARN_BOOL_CONVERSION = YES;
				CLANG_WARN_COMMA = YES;
				CLANG_WARN_CONSTANT_CONVERSION = YES;
				CLANG_WARN_DEPRECATED_OBJC_IMPLEMENTATIONS = YES;
				CLANG_WARN_DIRECT_OBJC_ISA_USAGE = YES_ERROR;
				CLANG_WARN_DOCUMENTATION_COMMENTS = YES;
				CLANG_WARN_EMPTY_BODY = YES;
				CLANG_WARN_ENUM_CONVERSION = YES;
				CLANG_WARN_INFINITE_RECURSION = YES;
				CLANG_WARN_INT_CONVERSION = YES;
				CLANG_WARN_NON_LITERAL_NULL_CONVERSION = YES;
				CLANG_WARN_OBJC_IMPLICIT_RETAIN_SELF = YES;
				CLANG_WARN_OBJC_LITERAL_CONVERSION = YES;
				CLANG_WARN_OBJC_ROOT_CLASS = YES_ERROR;
				CLANG_WARN_RANGE_LOOP_ANALYSIS = YES;
				CLANG_WARN_STRICT_PROTOTYPES = YES;
				CLANG_WARN_SUSPICIOUS_MOVE = YES;
				CLANG_WARN_UNGUARDED_AVAILABILITY = YES_AGGRESSIVE;
				CLANG_WARN_UNREACHABLE_CODE = YES;
				CLANG_WARN__DUPLICATE_METHOD_MATCH = YES;
				COPY_PHASE_STRIP = NO;
				DEBUG_INFORMATION_FORMAT = dwarf;
				ENABLE_STRICT_OBJC_MSGSEND = YES;
				ENABLE_TESTABILITY = YES;
				GCC_C_LANGUAGE_STANDARD = gnu11;
				GCC_DYNAMIC_NO_PIC = NO;
				GCC_NO_COMMON_BLOCKS = YES;
				GCC_OPTIMIZATION_LEVEL = 0;
				GCC_PREPROCESSOR_DEFINITIONS = (
					"DEBUG=1",
					"$(inherited)",
				);
				GCC_WARN_64_TO_32_BIT_CONVERSION = YES;
				GCC_WARN_ABOUT_RETURN_TYPE = YES_ERROR;
				GCC_WARN_UNDECLARED_SELECTOR = YES;
				GCC_WARN_UNINITIALIZED_AUTOS = YES_AGGRESSIVE;
				GCC_WARN_UNUSED_FUNCTION = YES;
				GCC_WARN_UNUSED_VARIABLE = YES;
				IPHONEOS_DEPLOYMENT_TARGET = 13.1;
				MTL_ENABLE_DEBUG_INFO = INCLUDE_SOURCE;
				MTL_FAST_MATH = YES;
				ONLY_ACTIVE_ARCH = YES;
				SDKROOT = iphoneos;
				SWIFT_ACTIVE_COMPILATION_CONDITIONS = DEBUG;
				SWIFT_OPTIMIZATION_LEVEL = "-Onone";
			};
			name = Debug;
		};
		614A93BE23A78F5100C62271 /* Release */ = {
			isa = XCBuildConfiguration;
			buildSettings = {
				ALWAYS_SEARCH_USER_PATHS = NO;
				CLANG_ANALYZER_NONNULL = YES;
				CLANG_ANALYZER_NUMBER_OBJECT_CONVERSION = YES_AGGRESSIVE;
				CLANG_CXX_LANGUAGE_STANDARD = "gnu++14";
				CLANG_CXX_LIBRARY = "libc++";
				CLANG_ENABLE_MODULES = YES;
				CLANG_ENABLE_OBJC_ARC = YES;
				CLANG_ENABLE_OBJC_WEAK = YES;
				CLANG_WARN_BLOCK_CAPTURE_AUTORELEASING = YES;
				CLANG_WARN_BOOL_CONVERSION = YES;
				CLANG_WARN_COMMA = YES;
				CLANG_WARN_CONSTANT_CONVERSION = YES;
				CLANG_WARN_DEPRECATED_OBJC_IMPLEMENTATIONS = YES;
				CLANG_WARN_DIRECT_OBJC_ISA_USAGE = YES_ERROR;
				CLANG_WARN_DOCUMENTATION_COMMENTS = YES;
				CLANG_WARN_EMPTY_BODY = YES;
				CLANG_WARN_ENUM_CONVERSION = YES;
				CLANG_WARN_INFINITE_RECURSION = YES;
				CLANG_WARN_INT_CONVERSION = YES;
				CLANG_WARN_NON_LITERAL_NULL_CONVERSION = YES;
				CLANG_WARN_OBJC_IMPLICIT_RETAIN_SELF = YES;
				CLANG_WARN_OBJC_LITERAL_CONVERSION = YES;
				CLANG_WARN_OBJC_ROOT_CLASS = YES_ERROR;
				CLANG_WARN_RANGE_LOOP_ANALYSIS = YES;
				CLANG_WARN_STRICT_PROTOTYPES = YES;
				CLANG_WARN_SUSPICIOUS_MOVE = YES;
				CLANG_WARN_UNGUARDED_AVAILABILITY = YES_AGGRESSIVE;
				CLANG_WARN_UNREACHABLE_CODE = YES;
				CLANG_WARN__DUPLICATE_METHOD_MATCH = YES;
				COPY_PHASE_STRIP = NO;
				DEBUG_INFORMATION_FORMAT = "dwarf-with-dsym";
				ENABLE_NS_ASSERTIONS = NO;
				ENABLE_STRICT_OBJC_MSGSEND = YES;
				GCC_C_LANGUAGE_STANDARD = gnu11;
				GCC_NO_COMMON_BLOCKS = YES;
				GCC_WARN_64_TO_32_BIT_CONVERSION = YES;
				GCC_WARN_ABOUT_RETURN_TYPE = YES_ERROR;
				GCC_WARN_UNDECLARED_SELECTOR = YES;
				GCC_WARN_UNINITIALIZED_AUTOS = YES_AGGRESSIVE;
				GCC_WARN_UNUSED_FUNCTION = YES;
				GCC_WARN_UNUSED_VARIABLE = YES;
				IPHONEOS_DEPLOYMENT_TARGET = 13.1;
				MTL_ENABLE_DEBUG_INFO = NO;
				MTL_FAST_MATH = YES;
				SDKROOT = iphoneos;
				SWIFT_COMPILATION_MODE = wholemodule;
				SWIFT_OPTIMIZATION_LEVEL = "-O";
				VALIDATE_PRODUCT = YES;
			};
			name = Release;
		};
		614A93C023A78F5100C62271 /* Debug */ = {
			isa = XCBuildConfiguration;
			baseConfigurationReference = 5AB03AAD89A8F97B5E8909FC /* Pods-RibsTutorial.debug.xcconfig */;
			buildSettings = {
				ASSETCATALOG_COMPILER_APPICON_NAME = AppIcon;
				CODE_SIGN_STYLE = Automatic;
				INFOPLIST_FILE = RibsTutorial/Info.plist;
				LD_RUNPATH_SEARCH_PATHS = (
					"$(inherited)",
					"@executable_path/Frameworks",
				);
				PRODUCT_BUNDLE_IDENTIFIER = VinID.RibsTutorial;
				PRODUCT_NAME = "$(TARGET_NAME)";
				SWIFT_VERSION = 5.0;
				TARGETED_DEVICE_FAMILY = "1,2";
			};
			name = Debug;
		};
		614A93C123A78F5100C62271 /* Release */ = {
			isa = XCBuildConfiguration;
			baseConfigurationReference = 0DF9BAAB040724CEFCC2C229 /* Pods-RibsTutorial.release.xcconfig */;
			buildSettings = {
				ASSETCATALOG_COMPILER_APPICON_NAME = AppIcon;
				CODE_SIGN_STYLE = Automatic;
				INFOPLIST_FILE = RibsTutorial/Info.plist;
				LD_RUNPATH_SEARCH_PATHS = (
					"$(inherited)",
					"@executable_path/Frameworks",
				);
				PRODUCT_BUNDLE_IDENTIFIER = VinID.RibsTutorial;
				PRODUCT_NAME = "$(TARGET_NAME)";
				SWIFT_VERSION = 5.0;
				TARGETED_DEVICE_FAMILY = "1,2";
			};
			name = Release;
		};
		614A93C323A78F5100C62271 /* Debug */ = {
			isa = XCBuildConfiguration;
			baseConfigurationReference = 10DFD58C11021BB50A916985 /* Pods-RibsTutorialTests.debug.xcconfig */;
			buildSettings = {
				ALWAYS_EMBED_SWIFT_STANDARD_LIBRARIES = YES;
				BUNDLE_LOADER = "$(TEST_HOST)";
				CODE_SIGN_STYLE = Automatic;
				INFOPLIST_FILE = RibsTutorialTests/Info.plist;
				IPHONEOS_DEPLOYMENT_TARGET = 13.1;
				LD_RUNPATH_SEARCH_PATHS = (
					"$(inherited)",
					"@executable_path/Frameworks",
					"@loader_path/Frameworks",
				);
				PRODUCT_BUNDLE_IDENTIFIER = VinID.RibsTutorialTests;
				PRODUCT_NAME = "$(TARGET_NAME)";
				SWIFT_VERSION = 5.0;
				TARGETED_DEVICE_FAMILY = "1,2";
				TEST_HOST = "$(BUILT_PRODUCTS_DIR)/RibsTutorial.app/RibsTutorial";
			};
			name = Debug;
		};
		614A93C423A78F5100C62271 /* Release */ = {
			isa = XCBuildConfiguration;
			baseConfigurationReference = 4CC234B10EE19346818BDB38 /* Pods-RibsTutorialTests.release.xcconfig */;
			buildSettings = {
				ALWAYS_EMBED_SWIFT_STANDARD_LIBRARIES = YES;
				BUNDLE_LOADER = "$(TEST_HOST)";
				CODE_SIGN_STYLE = Automatic;
				INFOPLIST_FILE = RibsTutorialTests/Info.plist;
				IPHONEOS_DEPLOYMENT_TARGET = 13.1;
				LD_RUNPATH_SEARCH_PATHS = (
					"$(inherited)",
					"@executable_path/Frameworks",
					"@loader_path/Frameworks",
				);
				PRODUCT_BUNDLE_IDENTIFIER = VinID.RibsTutorialTests;
				PRODUCT_NAME = "$(TARGET_NAME)";
				SWIFT_VERSION = 5.0;
				TARGETED_DEVICE_FAMILY = "1,2";
				TEST_HOST = "$(BUILT_PRODUCTS_DIR)/RibsTutorial.app/RibsTutorial";
			};
			name = Release;
		};
		614A93C623A78F5100C62271 /* Debug */ = {
			isa = XCBuildConfiguration;
			baseConfigurationReference = 9D379357DE76B787A036AF8F /* Pods-RibsTutorial-RibsTutorialUITests.debug.xcconfig */;
			buildSettings = {
				ALWAYS_EMBED_SWIFT_STANDARD_LIBRARIES = YES;
				CODE_SIGN_STYLE = Automatic;
				INFOPLIST_FILE = RibsTutorialUITests/Info.plist;
				LD_RUNPATH_SEARCH_PATHS = (
					"$(inherited)",
					"@executable_path/Frameworks",
					"@loader_path/Frameworks",
				);
				PRODUCT_BUNDLE_IDENTIFIER = VinID.RibsTutorialUITests;
				PRODUCT_NAME = "$(TARGET_NAME)";
				SWIFT_VERSION = 5.0;
				TARGETED_DEVICE_FAMILY = "1,2";
				TEST_TARGET_NAME = RibsTutorial;
			};
			name = Debug;
		};
		614A93C723A78F5100C62271 /* Release */ = {
			isa = XCBuildConfiguration;
			baseConfigurationReference = CE067743F271E912C22BC345 /* Pods-RibsTutorial-RibsTutorialUITests.release.xcconfig */;
			buildSettings = {
				ALWAYS_EMBED_SWIFT_STANDARD_LIBRARIES = YES;
				CODE_SIGN_STYLE = Automatic;
				INFOPLIST_FILE = RibsTutorialUITests/Info.plist;
				LD_RUNPATH_SEARCH_PATHS = (
					"$(inherited)",
					"@executable_path/Frameworks",
					"@loader_path/Frameworks",
				);
				PRODUCT_BUNDLE_IDENTIFIER = VinID.RibsTutorialUITests;
				PRODUCT_NAME = "$(TARGET_NAME)";
				SWIFT_VERSION = 5.0;
				TARGETED_DEVICE_FAMILY = "1,2";
				TEST_TARGET_NAME = RibsTutorial;
			};
			name = Release;
		};
/* End XCBuildConfiguration section */

/* Begin XCConfigurationList section */
		614A939023A78F4E00C62271 /* Build configuration list for PBXProject "RibsTutorial" */ = {
			isa = XCConfigurationList;
			buildConfigurations = (
				614A93BD23A78F5100C62271 /* Debug */,
				614A93BE23A78F5100C62271 /* Release */,
			);
			defaultConfigurationIsVisible = 0;
			defaultConfigurationName = Release;
		};
		614A93BF23A78F5100C62271 /* Build configuration list for PBXNativeTarget "RibsTutorial" */ = {
			isa = XCConfigurationList;
			buildConfigurations = (
				614A93C023A78F5100C62271 /* Debug */,
				614A93C123A78F5100C62271 /* Release */,
			);
			defaultConfigurationIsVisible = 0;
			defaultConfigurationName = Release;
		};
		614A93C223A78F5100C62271 /* Build configuration list for PBXNativeTarget "RibsTutorialTests" */ = {
			isa = XCConfigurationList;
			buildConfigurations = (
				614A93C323A78F5100C62271 /* Debug */,
				614A93C423A78F5100C62271 /* Release */,
			);
			defaultConfigurationIsVisible = 0;
			defaultConfigurationName = Release;
		};
		614A93C523A78F5100C62271 /* Build configuration list for PBXNativeTarget "RibsTutorialUITests" */ = {
			isa = XCConfigurationList;
			buildConfigurations = (
				614A93C623A78F5100C62271 /* Debug */,
				614A93C723A78F5100C62271 /* Release */,
			);
			defaultConfigurationIsVisible = 0;
			defaultConfigurationName = Release;
		};
/* End XCConfigurationList section */
	};
	rootObject = 614A938D23A78F4E00C62271 /* Project object */;
}
